// !$*UTF8*$!
{
	archiveVersion = 1;
	classes = {
	};
	objectVersion = 50;
	objects = {

/* Begin PBXBuildFile section */
		EAB51FBE237AB31100138A8C /* AppDelegate.swift in Sources */ = {isa = PBXBuildFile; fileRef = EAB51FBD237AB31100138A8C /* AppDelegate.swift */; };
		EAB51FC0237AB31100138A8C /* SceneDelegate.swift in Sources */ = {isa = PBXBuildFile; fileRef = EAB51FBF237AB31100138A8C /* SceneDelegate.swift */; };
		EAB51FC2237AB31100138A8C /* ContentView.swift in Sources */ = {isa = PBXBuildFile; fileRef = EAB51FC1237AB31100138A8C /* ContentView.swift */; };
		EAB51FC4237AB31300138A8C /* Assets.xcassets in Resources */ = {isa = PBXBuildFile; fileRef = EAB51FC3237AB31300138A8C /* Assets.xcassets */; };
		EAB51FC7237AB31300138A8C /* Preview Assets.xcassets in Resources */ = {isa = PBXBuildFile; fileRef = EAB51FC6237AB31300138A8C /* Preview Assets.xcassets */; };
		EAB51FCA237AB31300138A8C /* LaunchScreen.storyboard in Resources */ = {isa = PBXBuildFile; fileRef = EAB51FC8237AB31300138A8C /* LaunchScreen.storyboard */; };
		EAB51FD5237AB31300138A8C /* karumi_first_leasonTests.swift in Sources */ = {isa = PBXBuildFile; fileRef = EAB51FD4237AB31300138A8C /* karumi_first_leasonTests.swift */; };
		EAB51FE0237AB31300138A8C /* karumi_first_leasonUITests.swift in Sources */ = {isa = PBXBuildFile; fileRef = EAB51FDF237AB31300138A8C /* karumi_first_leasonUITests.swift */; };
/* End PBXBuildFile section */

/* Begin PBXContainerItemProxy section */
		EAB51FD1237AB31300138A8C /* PBXContainerItemProxy */ = {
			isa = PBXContainerItemProxy;
			containerPortal = EAB51FB2237AB31100138A8C /* Project object */;
			proxyType = 1;
			remoteGlobalIDString = EAB51FB9237AB31100138A8C;
			remoteInfo = "karumi first leason";
		};
		EAB51FDC237AB31300138A8C /* PBXContainerItemProxy */ = {
			isa = PBXContainerItemProxy;
			containerPortal = EAB51FB2237AB31100138A8C /* Project object */;
			proxyType = 1;
			remoteGlobalIDString = EAB51FB9237AB31100138A8C;
			remoteInfo = "karumi first leason";
		};
/* End PBXContainerItemProxy section */

/* Begin PBXFileReference section */
		EAB51FBA237AB31100138A8C /* karumi first leason.app */ = {isa = PBXFileReference; explicitFileType = wrapper.application; includeInIndex = 0; path = "karumi first leason.app"; sourceTree = BUILT_PRODUCTS_DIR; };
		EAB51FBD237AB31100138A8C /* AppDelegate.swift */ = {isa = PBXFileReference; lastKnownFileType = sourcecode.swift; path = AppDelegate.swift; sourceTree = "<group>"; };
		EAB51FBF237AB31100138A8C /* SceneDelegate.swift */ = {isa = PBXFileReference; lastKnownFileType = sourcecode.swift; path = SceneDelegate.swift; sourceTree = "<group>"; };
		EAB51FC1237AB31100138A8C /* ContentView.swift */ = {isa = PBXFileReference; lastKnownFileType = sourcecode.swift; path = ContentView.swift; sourceTree = "<group>"; };
		EAB51FC3237AB31300138A8C /* Assets.xcassets */ = {isa = PBXFileReference; lastKnownFileType = folder.assetcatalog; path = Assets.xcassets; sourceTree = "<group>"; };
		EAB51FC6237AB31300138A8C /* Preview Assets.xcassets */ = {isa = PBXFileReference; lastKnownFileType = folder.assetcatalog; path = "Preview Assets.xcassets"; sourceTree = "<group>"; };
		EAB51FC9237AB31300138A8C /* Base */ = {isa = PBXFileReference; lastKnownFileType = file.storyboard; name = Base; path = Base.lproj/LaunchScreen.storyboard; sourceTree = "<group>"; };
		EAB51FCB237AB31300138A8C /* Info.plist */ = {isa = PBXFileReference; lastKnownFileType = text.plist.xml; path = Info.plist; sourceTree = "<group>"; };
		EAB51FD0237AB31300138A8C /* karumi first leasonTests.xctest */ = {isa = PBXFileReference; explicitFileType = wrapper.cfbundle; includeInIndex = 0; path = "karumi first leasonTests.xctest"; sourceTree = BUILT_PRODUCTS_DIR; };
		EAB51FD4237AB31300138A8C /* karumi_first_leasonTests.swift */ = {isa = PBXFileReference; lastKnownFileType = sourcecode.swift; path = karumi_first_leasonTests.swift; sourceTree = "<group>"; };
		EAB51FD6237AB31300138A8C /* Info.plist */ = {isa = PBXFileReference; lastKnownFileType = text.plist.xml; path = Info.plist; sourceTree = "<group>"; };
		EAB51FDB237AB31300138A8C /* karumi first leasonUITests.xctest */ = {isa = PBXFileReference; explicitFileType = wrapper.cfbundle; includeInIndex = 0; path = "karumi first leasonUITests.xctest"; sourceTree = BUILT_PRODUCTS_DIR; };
		EAB51FDF237AB31300138A8C /* karumi_first_leasonUITests.swift */ = {isa = PBXFileReference; lastKnownFileType = sourcecode.swift; path = karumi_first_leasonUITests.swift; sourceTree = "<group>"; };
		EAB51FE1237AB31300138A8C /* Info.plist */ = {isa = PBXFileReference; lastKnownFileType = text.plist.xml; path = Info.plist; sourceTree = "<group>"; };
/* End PBXFileReference section */

/* Begin PBXFrameworksBuildPhase section */
		EAB51FB7237AB31100138A8C /* Frameworks */ = {
			isa = PBXFrameworksBuildPhase;
			buildActionMask = 2147483647;
			files = (
			);
			runOnlyForDeploymentPostprocessing = 0;
		};
		EAB51FCD237AB31300138A8C /* Frameworks */ = {
			isa = PBXFrameworksBuildPhase;
			buildActionMask = 2147483647;
			files = (
			);
			runOnlyForDeploymentPostprocessing = 0;
		};
		EAB51FD8237AB31300138A8C /* Frameworks */ = {
			isa = PBXFrameworksBuildPhase;
			buildActionMask = 2147483647;
			files = (
			);
			runOnlyForDeploymentPostprocessing = 0;
		};
/* End PBXFrameworksBuildPhase section */

/* Begin PBXGroup section */
		EAB51FB1237AB31100138A8C = {
			isa = PBXGroup;
			children = (
				EAB51FBC237AB31100138A8C /* karumi first leason */,
				EAB51FD3237AB31300138A8C /* karumi first leasonTests */,
				EAB51FDE237AB31300138A8C /* karumi first leasonUITests */,
				EAB51FBB237AB31100138A8C /* Products */,
			);
			sourceTree = "<group>";
		};
		EAB51FBB237AB31100138A8C /* Products */ = {
			isa = PBXGroup;
			children = (
				EAB51FBA237AB31100138A8C /* karumi first leason.app */,
				EAB51FD0237AB31300138A8C /* karumi first leasonTests.xctest */,
				EAB51FDB237AB31300138A8C /* karumi first leasonUITests.xctest */,
			);
			name = Products;
			sourceTree = "<group>";
		};
		EAB51FBC237AB31100138A8C /* karumi first leason */ = {
			isa = PBXGroup;
			children = (
				EAB51FBD237AB31100138A8C /* AppDelegate.swift */,
				EAB51FBF237AB31100138A8C /* SceneDelegate.swift */,
				EAB51FC1237AB31100138A8C /* ContentView.swift */,
				EAB51FC3237AB31300138A8C /* Assets.xcassets */,
				EAB51FC8237AB31300138A8C /* LaunchScreen.storyboard */,
				EAB51FCB237AB31300138A8C /* Info.plist */,
				EAB51FC5237AB31300138A8C /* Preview Content */,
			);
			path = "karumi first leason";
			sourceTree = "<group>";
		};
		EAB51FC5237AB31300138A8C /* Preview Content */ = {
			isa = PBXGroup;
			children = (
				EAB51FC6237AB31300138A8C /* Preview Assets.xcassets */,
			);
			path = "Preview Content";
			sourceTree = "<group>";
		};
		EAB51FD3237AB31300138A8C /* karumi first leasonTests */ = {
			isa = PBXGroup;
			children = (
				EAB51FD4237AB31300138A8C /* karumi_first_leasonTests.swift */,
				EAB51FD6237AB31300138A8C /* Info.plist */,
			);
			path = "karumi first leasonTests";
			sourceTree = "<group>";
		};
		EAB51FDE237AB31300138A8C /* karumi first leasonUITests */ = {
			isa = PBXGroup;
			children = (
				EAB51FDF237AB31300138A8C /* karumi_first_leasonUITests.swift */,
				EAB51FE1237AB31300138A8C /* Info.plist */,
			);
			path = "karumi first leasonUITests";
			sourceTree = "<group>";
		};
/* End PBXGroup section */

/* Begin PBXNativeTarget section */
		EAB51FB9237AB31100138A8C /* karumi first leason */ = {
			isa = PBXNativeTarget;
			buildConfigurationList = EAB51FE4237AB31300138A8C /* Build configuration list for PBXNativeTarget "karumi first leason" */;
			buildPhases = (
				EAB51FB6237AB31100138A8C /* Sources */,
				EAB51FB7237AB31100138A8C /* Frameworks */,
				EAB51FB8237AB31100138A8C /* Resources */,
			);
			buildRules = (
			);
			dependencies = (
			);
			name = "karumi first leason";
			productName = "karumi first leason";
			productReference = EAB51FBA237AB31100138A8C /* karumi first leason.app */;
			productType = "com.apple.product-type.application";
		};
		EAB51FCF237AB31300138A8C /* karumi first leasonTests */ = {
			isa = PBXNativeTarget;
			buildConfigurationList = EAB51FE7237AB31300138A8C /* Build configuration list for PBXNativeTarget "karumi first leasonTests" */;
			buildPhases = (
				EAB51FCC237AB31300138A8C /* Sources */,
				EAB51FCD237AB31300138A8C /* Frameworks */,
				EAB51FCE237AB31300138A8C /* Resources */,
			);
			buildRules = (
			);
			dependencies = (
				EAB51FD2237AB31300138A8C /* PBXTargetDependency */,
			);
			name = "karumi first leasonTests";
			productName = "karumi first leasonTests";
			productReference = EAB51FD0237AB31300138A8C /* karumi first leasonTests.xctest */;
			productType = "com.apple.product-type.bundle.unit-test";
		};
		EAB51FDA237AB31300138A8C /* karumi first leasonUITests */ = {
			isa = PBXNativeTarget;
			buildConfigurationList = EAB51FEA237AB31300138A8C /* Build configuration list for PBXNativeTarget "karumi first leasonUITests" */;
			buildPhases = (
				EAB51FD7237AB31300138A8C /* Sources */,
				EAB51FD8237AB31300138A8C /* Frameworks */,
				EAB51FD9237AB31300138A8C /* Resources */,
			);
			buildRules = (
			);
			dependencies = (
				EAB51FDD237AB31300138A8C /* PBXTargetDependency */,
			);
			name = "karumi first leasonUITests";
			productName = "karumi first leasonUITests";
			productReference = EAB51FDB237AB31300138A8C /* karumi first leasonUITests.xctest */;
			productType = "com.apple.product-type.bundle.ui-testing";
		};
/* End PBXNativeTarget section */

/* Begin PBXProject section */
		EAB51FB2237AB31100138A8C /* Project object */ = {
			isa = PBXProject;
			attributes = {
				LastSwiftUpdateCheck = 1120;
				LastUpgradeCheck = 1120;
				ORGANIZATIONNAME = "Jacobo Rodriguez";
				TargetAttributes = {
					EAB51FB9237AB31100138A8C = {
						CreatedOnToolsVersion = 11.2;
					};
					EAB51FCF237AB31300138A8C = {
						CreatedOnToolsVersion = 11.2;
						TestTargetID = EAB51FB9237AB31100138A8C;
					};
					EAB51FDA237AB31300138A8C = {
						CreatedOnToolsVersion = 11.2;
						TestTargetID = EAB51FB9237AB31100138A8C;
					};
				};
			};
			buildConfigurationList = EAB51FB5237AB31100138A8C /* Build configuration list for PBXProject "karumi first leason" */;
			compatibilityVersion = "Xcode 9.3";
			developmentRegion = en;
			hasScannedForEncodings = 0;
			knownRegions = (
				en,
				Base,
			);
			mainGroup = EAB51FB1237AB31100138A8C;
			productRefGroup = EAB51FBB237AB31100138A8C /* Products */;
			projectDirPath = "";
			projectRoot = "";
			targets = (
				EAB51FB9237AB31100138A8C /* karumi first leason */,
				EAB51FCF237AB31300138A8C /* karumi first leasonTests */,
				EAB51FDA237AB31300138A8C /* karumi first leasonUITests */,
			);
		};
/* End PBXProject section */

/* Begin PBXResourcesBuildPhase section */
		EAB51FB8237AB31100138A8C /* Resources */ = {
			isa = PBXResourcesBuildPhase;
			buildActionMask = 2147483647;
			files = (
				EAB51FCA237AB31300138A8C /* LaunchScreen.storyboard in Resources */,
				EAB51FC7237AB31300138A8C /* Preview Assets.xcassets in Resources */,
				EAB51FC4237AB31300138A8C /* Assets.xcassets in Resources */,
			);
			runOnlyForDeploymentPostprocessing = 0;
		};
		EAB51FCE237AB31300138A8C /* Resources */ = {
			isa = PBXResourcesBuildPhase;
			buildActionMask = 2147483647;
			files = (
			);
			runOnlyForDeploymentPostprocessing = 0;
		};
		EAB51FD9237AB31300138A8C /* Resources */ = {
			isa = PBXResourcesBuildPhase;
			buildActionMask = 2147483647;
			files = (
			);
			runOnlyForDeploymentPostprocessing = 0;
		};
/* End PBXResourcesBuildPhase section */

/* Begin PBXSourcesBuildPhase section */
		EAB51FB6237AB31100138A8C /* Sources */ = {
			isa = PBXSourcesBuildPhase;
			buildActionMask = 2147483647;
			files = (
				EAB51FBE237AB31100138A8C /* AppDelegate.swift in Sources */,
				EAB51FC0237AB31100138A8C /* SceneDelegate.swift in Sources */,
				EAB51FC2237AB31100138A8C /* ContentView.swift in Sources */,
			);
			runOnlyForDeploymentPostprocessing = 0;
		};
		EAB51FCC237AB31300138A8C /* Sources */ = {
			isa = PBXSourcesBuildPhase;
			buildActionMask = 2147483647;
			files = (
				EAB51FD5237AB31300138A8C /* karumi_first_leasonTests.swift in Sources */,
			);
			runOnlyForDeploymentPostprocessing = 0;
		};
		EAB51FD7237AB31300138A8C /* Sources */ = {
			isa = PBXSourcesBuildPhase;
			buildActionMask = 2147483647;
			files = (
				EAB51FE0237AB31300138A8C /* karumi_first_leasonUITests.swift in Sources */,
			);
			runOnlyForDeploymentPostprocessing = 0;
		};
/* End PBXSourcesBuildPhase section */

/* Begin PBXTargetDependency section */
		EAB51FD2237AB31300138A8C /* PBXTargetDependency */ = {
			isa = PBXTargetDependency;
			target = EAB51FB9237AB31100138A8C /* karumi first leason */;
			targetProxy = EAB51FD1237AB31300138A8C /* PBXContainerItemProxy */;
		};
		EAB51FDD237AB31300138A8C /* PBXTargetDependency */ = {
			isa = PBXTargetDependency;
			target = EAB51FB9237AB31100138A8C /* karumi first leason */;
			targetProxy = EAB51FDC237AB31300138A8C /* PBXContainerItemProxy */;
		};
/* End PBXTargetDependency section */

/* Begin PBXVariantGroup section */
		EAB51FC8237AB31300138A8C /* LaunchScreen.storyboard */ = {
			isa = PBXVariantGroup;
			children = (
				EAB51FC9237AB31300138A8C /* Base */,
			);
			name = LaunchScreen.storyboard;
			sourceTree = "<group>";
		};
/* End PBXVariantGroup section */

/* Begin XCBuildConfiguration section */
		EAB51FE2237AB31300138A8C /* Debug */ = {
			isa = XCBuildConfiguration;
			buildSettings = {
				ALWAYS_SEARCH_USER_PATHS = NO;
				CLANG_ANALYZER_NONNULL = YES;
				CLANG_ANALYZER_NUMBER_OBJECT_CONVERSION = YES_AGGRESSIVE;
				CLANG_CXX_LANGUAGE_STANDARD = "gnu++14";
				CLANG_CXX_LIBRARY = "libc++";
				CLANG_ENABLE_MODULES = YES;
				CLANG_ENABLE_OBJC_ARC = YES;
				CLANG_ENABLE_OBJC_WEAK = YES;
				CLANG_WARN_BLOCK_CAPTURE_AUTORELEASING = YES;
				CLANG_WARN_BOOL_CONVERSION = YES;
				CLANG_WARN_COMMA = YES;
				CLANG_WARN_CONSTANT_CONVERSION = YES;
				CLANG_WARN_DEPRECATED_OBJC_IMPLEMENTATIONS = YES;
				CLANG_WARN_DIRECT_OBJC_ISA_USAGE = YES_ERROR;
				CLANG_WARN_DOCUMENTATION_COMMENTS = YES;
				CLANG_WARN_EMPTY_BODY = YES;
				CLANG_WARN_ENUM_CONVERSION = YES;
				CLANG_WARN_INFINITE_RECURSION = YES;
				CLANG_WARN_INT_CONVERSION = YES;
				CLANG_WARN_NON_LITERAL_NULL_CONVERSION = YES;
				CLANG_WARN_OBJC_IMPLICIT_RETAIN_SELF = YES;
				CLANG_WARN_OBJC_LITERAL_CONVERSION = YES;
				CLANG_WARN_OBJC_ROOT_CLASS = YES_ERROR;
				CLANG_WARN_RANGE_LOOP_ANALYSIS = YES;
				CLANG_WARN_STRICT_PROTOTYPES = YES;
				CLANG_WARN_SUSPICIOUS_MOVE = YES;
				CLANG_WARN_UNGUARDED_AVAILABILITY = YES_AGGRESSIVE;
				CLANG_WARN_UNREACHABLE_CODE = YES;
				CLANG_WARN__DUPLICATE_METHOD_MATCH = YES;
				COPY_PHASE_STRIP = NO;
				DEBUG_INFORMATION_FORMAT = dwarf;
				ENABLE_STRICT_OBJC_MSGSEND = YES;
				ENABLE_TESTABILITY = YES;
				GCC_C_LANGUAGE_STANDARD = gnu11;
				GCC_DYNAMIC_NO_PIC = NO;
				GCC_NO_COMMON_BLOCKS = YES;
				GCC_OPTIMIZATION_LEVEL = 0;
				GCC_PREPROCESSOR_DEFINITIONS = (
					"DEBUG=1",
					"$(inherited)",
				);
				GCC_WARN_64_TO_32_BIT_CONVERSION = YES;
				GCC_WARN_ABOUT_RETURN_TYPE = YES_ERROR;
				GCC_WARN_UNDECLARED_SELECTOR = YES;
				GCC_WARN_UNINITIALIZED_AUTOS = YES_AGGRESSIVE;
				GCC_WARN_UNUSED_FUNCTION = YES;
				GCC_WARN_UNUSED_VARIABLE = YES;
				IPHONEOS_DEPLOYMENT_TARGET = 13.2;
				MTL_ENABLE_DEBUG_INFO = INCLUDE_SOURCE;
				MTL_FAST_MATH = YES;
				ONLY_ACTIVE_ARCH = YES;
				SDKROOT = iphoneos;
				SWIFT_ACTIVE_COMPILATION_CONDITIONS = DEBUG;
				SWIFT_OPTIMIZATION_LEVEL = "-Onone";
			};
			name = Debug;
		};
		EAB51FE3237AB31300138A8C /* Release */ = {
			isa = XCBuildConfiguration;
			buildSettings = {
				ALWAYS_SEARCH_USER_PATHS = NO;
				CLANG_ANALYZER_NONNULL = YES;
				CLANG_ANALYZER_NUMBER_OBJECT_CONVERSION = YES_AGGRESSIVE;
				CLANG_CXX_LANGUAGE_STANDARD = "gnu++14";
				CLANG_CXX_LIBRARY = "libc++";
				CLANG_ENABLE_MODULES = YES;
				CLANG_ENABLE_OBJC_ARC = YES;
				CLANG_ENABLE_OBJC_WEAK = YES;
				CLANG_WARN_BLOCK_CAPTURE_AUTORELEASING = YES;
				CLANG_WARN_BOOL_CONVERSION = YES;
				CLANG_WARN_COMMA = YES;
				CLANG_WARN_CONSTANT_CONVERSION = YES;
				CLANG_WARN_DEPRECATED_OBJC_IMPLEMENTATIONS = YES;
				CLANG_WARN_DIRECT_OBJC_ISA_USAGE = YES_ERROR;
				CLANG_WARN_DOCUMENTATION_COMMENTS = YES;
				CLANG_WARN_EMPTY_BODY = YES;
				CLANG_WARN_ENUM_CONVERSION = YES;
				CLANG_WARN_INFINITE_RECURSION = YES;
				CLANG_WARN_INT_CONVERSION = YES;
				CLANG_WARN_NON_LITERAL_NULL_CONVERSION = YES;
				CLANG_WARN_OBJC_IMPLICIT_RETAIN_SELF = YES;
				CLANG_WARN_OBJC_LITERAL_CONVERSION = YES;
				CLANG_WARN_OBJC_ROOT_CLASS = YES_ERROR;
				CLANG_WARN_RANGE_LOOP_ANALYSIS = YES;
				CLANG_WARN_STRICT_PROTOTYPES = YES;
				CLANG_WARN_SUSPICIOUS_MOVE = YES;
				CLANG_WARN_UNGUARDED_AVAILABILITY = YES_AGGRESSIVE;
				CLANG_WARN_UNREACHABLE_CODE = YES;
				CLANG_WARN__DUPLICATE_METHOD_MATCH = YES;
				COPY_PHASE_STRIP = NO;
				DEBUG_INFORMATION_FORMAT = "dwarf-with-dsym";
				ENABLE_NS_ASSERTIONS = NO;
				ENABLE_STRICT_OBJC_MSGSEND = YES;
				GCC_C_LANGUAGE_STANDARD = gnu11;
				GCC_NO_COMMON_BLOCKS = YES;
				GCC_WARN_64_TO_32_BIT_CONVERSION = YES;
				GCC_WARN_ABOUT_RETURN_TYPE = YES_ERROR;
				GCC_WARN_UNDECLARED_SELECTOR = YES;
				GCC_WARN_UNINITIALIZED_AUTOS = YES_AGGRESSIVE;
				GCC_WARN_UNUSED_FUNCTION = YES;
				GCC_WARN_UNUSED_VARIABLE = YES;
				IPHONEOS_DEPLOYMENT_TARGET = 13.2;
				MTL_ENABLE_DEBUG_INFO = NO;
				MTL_FAST_MATH = YES;
				SDKROOT = iphoneos;
				SWIFT_COMPILATION_MODE = wholemodule;
				SWIFT_OPTIMIZATION_LEVEL = "-O";
				VALIDATE_PRODUCT = YES;
			};
			name = Release;
		};
		EAB51FE5237AB31300138A8C /* Debug */ = {
			isa = XCBuildConfiguration;
			buildSettings = {
				ASSETCATALOG_COMPILER_APPICON_NAME = AppIcon;
				CODE_SIGN_STYLE = Automatic;
				DEVELOPMENT_ASSET_PATHS = "\"karumi first leason/Preview Content\"";
				DEVELOPMENT_TEAM = XPD229X4WG;
				ENABLE_PREVIEWS = YES;
				INFOPLIST_FILE = "karumi first leason/Info.plist";
				LD_RUNPATH_SEARCH_PATHS = (
					"$(inherited)",
					"@executable_path/Frameworks",
				);
				PRODUCT_BUNDLE_IDENTIFIER = "com.tbearsoftware.karumi-first-leason";
				PRODUCT_NAME = "$(TARGET_NAME)";
				SWIFT_VERSION = 5.0;
				TARGETED_DEVICE_FAMILY = "1,2";
			};
			name = Debug;
		};
		EAB51FE6237AB31300138A8C /* Release */ = {
			isa = XCBuildConfiguration;
			buildSettings = {
				ASSETCATALOG_COMPILER_APPICON_NAME = AppIcon;
				CODE_SIGN_STYLE = Automatic;
				DEVELOPMENT_ASSET_PATHS = "\"karumi first leason/Preview Content\"";
				DEVELOPMENT_TEAM = XPD229X4WG;
				ENABLE_PREVIEWS = YES;
				INFOPLIST_FILE = "karumi first leason/Info.plist";
				LD_RUNPATH_SEARCH_PATHS = (
					"$(inherited)",
					"@executable_path/Frameworks",
				);
				PRODUCT_BUNDLE_IDENTIFIER = "com.tbearsoftware.karumi-first-leason";
				PRODUCT_NAME = "$(TARGET_NAME)";
				SWIFT_VERSION = 5.0;
				TARGETED_DEVICE_FAMILY = "1,2";
			};
			name = Release;
		};
		EAB51FE8237AB31300138A8C /* Debug */ = {
			isa = XCBuildConfiguration;
			buildSettings = {
				ALWAYS_EMBED_SWIFT_STANDARD_LIBRARIES = YES;
				BUNDLE_LOADER = "$(TEST_HOST)";
				CODE_SIGN_STYLE = Automatic;
				DEVELOPMENT_TEAM = XPD229X4WG;
				INFOPLIST_FILE = "karumi first leasonTests/Info.plist";
				IPHONEOS_DEPLOYMENT_TARGET = 13.2;
				LD_RUNPATH_SEARCH_PATHS = (
					"$(inherited)",
					"@executable_path/Frameworks",
					"@loader_path/Frameworks",
				);
				PRODUCT_BUNDLE_IDENTIFIER = "com.tbearsoftware.karumi-first-leasonTests";
				PRODUCT_NAME = "$(TARGET_NAME)";
				SWIFT_VERSION = 5.0;
				TARGETED_DEVICE_FAMILY = "1,2";
				TEST_HOST = "$(BUILT_PRODUCTS_DIR)/karumi first leason.app/karumi first leason";
			};
			name = Debug;
		};
		EAB51FE9237AB31300138A8C /* Release */ = {
			isa = XCBuildConfiguration;
			buildSettings = {
				ALWAYS_EMBED_SWIFT_STANDARD_LIBRARIES = YES;
				BUNDLE_LOADER = "$(TEST_HOST)";
				CODE_SIGN_STYLE = Automatic;
				DEVELOPMENT_TEAM = XPD229X4WG;
				INFOPLIST_FILE = "karumi first leasonTests/Info.plist";
				IPHONEOS_DEPLOYMENT_TARGET = 13.2;
				LD_RUNPATH_SEARCH_PATHS = (
					"$(inherited)",
					"@executable_path/Frameworks",
					"@loader_path/Frameworks",
				);
				PRODUCT_BUNDLE_IDENTIFIER = "com.tbearsoftware.karumi-first-leasonTests";
				PRODUCT_NAME = "$(TARGET_NAME)";
				SWIFT_VERSION = 5.0;
				TARGETED_DEVICE_FAMILY = "1,2";
				TEST_HOST = "$(BUILT_PRODUCTS_DIR)/karumi first leason.app/karumi first leason";
			};
			name = Release;
		};
		EAB51FEB237AB31300138A8C /* Debug */ = {
			isa = XCBuildConfiguration;
			buildSettings = {
				ALWAYS_EMBED_SWIFT_STANDARD_LIBRARIES = YES;
				CODE_SIGN_STYLE = Automatic;
				DEVELOPMENT_TEAM = XPD229X4WG;
				INFOPLIST_FILE = "karumi first leasonUITests/Info.plist";
				LD_RUNPATH_SEARCH_PATHS = (
					"$(inherited)",
					"@executable_path/Frameworks",
					"@loader_path/Frameworks",
				);
				PRODUCT_BUNDLE_IDENTIFIER = "com.tbearsoftware.karumi-first-leasonUITests";
				PRODUCT_NAME = "$(TARGET_NAME)";
				SWIFT_VERSION = 5.0;
				TARGETED_DEVICE_FAMILY = "1,2";
				TEST_TARGET_NAME = "karumi first leason";
			};
			name = Debug;
		};
		EAB51FEC237AB31300138A8C /* Release */ = {
			isa = XCBuildConfiguration;
			buildSettings = {
				ALWAYS_EMBED_SWIFT_STANDARD_LIBRARIES = YES;
				CODE_SIGN_STYLE = Automatic;
				DEVELOPMENT_TEAM = XPD229X4WG;
				INFOPLIST_FILE = "karumi first leasonUITests/Info.plist";
				LD_RUNPATH_SEARCH_PATHS = (
					"$(inherited)",
					"@executable_path/Frameworks",
					"@loader_path/Frameworks",
				);
				PRODUCT_BUNDLE_IDENTIFIER = "com.tbearsoftware.karumi-first-leasonUITests";
				PRODUCT_NAME = "$(TARGET_NAME)";
				SWIFT_VERSION = 5.0;
				TARGETED_DEVICE_FAMILY = "1,2";
				TEST_TARGET_NAME = "karumi first leason";
			};
			name = Release;
		};
/* End XCBuildConfiguration section */

/* Begin XCConfigurationList section */
		EAB51FB5237AB31100138A8C /* Build configuration list for PBXProject "karumi first leason" */ = {
			isa = XCConfigurationList;
			buildConfigurations = (
				EAB51FE2237AB31300138A8C /* Debug */,
				EAB51FE3237AB31300138A8C /* Release */,
			);
			defaultConfigurationIsVisible = 0;
			defaultConfigurationName = Release;
		};
		EAB51FE4237AB31300138A8C /* Build configuration list for PBXNativeTarget "karumi first leason" */ = {
			isa = XCConfigurationList;
			buildConfigurations = (
				EAB51FE5237AB31300138A8C /* Debug */,
				EAB51FE6237AB31300138A8C /* Release */,
			);
			defaultConfigurationIsVisible = 0;
			defaultConfigurationName = Release;
		};
		EAB51FE7237AB31300138A8C /* Build configuration list for PBXNativeTarget "karumi first leasonTests" */ = {
			isa = XCConfigurationList;
			buildConfigurations = (
				EAB51FE8237AB31300138A8C /* Debug */,
				EAB51FE9237AB31300138A8C /* Release */,
			);
			defaultConfigurationIsVisible = 0;
			defaultConfigurationName = Release;
		};
		EAB51FEA237AB31300138A8C /* Build configuration list for PBXNativeTarget "karumi first leasonUITests" */ = {
			isa = XCConfigurationList;
			buildConfigurations = (
				EAB51FEB237AB31300138A8C /* Debug */,
				EAB51FEC237AB31300138A8C /* Release */,
			);
			defaultConfigurationIsVisible = 0;
			defaultConfigurationName = Release;
		};
/* End XCConfigurationList section */
	};
	rootObject = EAB51FB2237AB31100138A8C /* Project object */;
}
