// !$*UTF8*$!
{
	archiveVersion = 1;
	classes = {
	};
	objectVersion = 50;
	objects = {

/* Begin PBXBuildFile section */
		EA0A98F1237AB6760045E662 /* AppDelegate.swift in Sources */ = {isa = PBXBuildFile; fileRef = EA0A98F0237AB6760045E662 /* AppDelegate.swift */; };
		EA0A98F7237AB6770045E662 /* Assets.xcassets in Resources */ = {isa = PBXBuildFile; fileRef = EA0A98F6237AB6770045E662 /* Assets.xcassets */; };
		EA0A98FA237AB6770045E662 /* Preview Assets.xcassets in Resources */ = {isa = PBXBuildFile; fileRef = EA0A98F9237AB6770045E662 /* Preview Assets.xcassets */; };
		EA0A98FD237AB6770045E662 /* LaunchScreen.storyboard in Resources */ = {isa = PBXBuildFile; fileRef = EA0A98FB237AB6770045E662 /* LaunchScreen.storyboard */; };
		EA0A9913237AB6780045E662 /* KarumiFirstLeasonUITests.swift in Sources */ = {isa = PBXBuildFile; fileRef = EA0A9912237AB6780045E662 /* KarumiFirstLeasonUITests.swift */; };
		EA0A9923237AB7F20045E662 /* .travis.yml in Resources */ = {isa = PBXBuildFile; fileRef = EA0A9922237AB7F20045E662 /* .travis.yml */; };
		EA0A9925237ACB2C0045E662 /* StringCalculator.swift in Sources */ = {isa = PBXBuildFile; fileRef = EA0A9924237ACB2C0045E662 /* StringCalculator.swift */; };
		EA0A9927237ACB700045E662 /* StringCalculatorTest.swift in Sources */ = {isa = PBXBuildFile; fileRef = EA0A9926237ACB700045E662 /* StringCalculatorTest.swift */; };
		EA0A9929237AED940045E662 /* LoginViewController.swift in Sources */ = {isa = PBXBuildFile; fileRef = EA0A9928237AED940045E662 /* LoginViewController.swift */; };
		EA0A9933237AF97A0045E662 /* Login.swift in Sources */ = {isa = PBXBuildFile; fileRef = EA0A9932237AF97A0045E662 /* Login.swift */; };
		EA0A9935237AF9830045E662 /* Logout.swift in Sources */ = {isa = PBXBuildFile; fileRef = EA0A9934237AF9830045E662 /* Logout.swift */; };
		EA0A9937237AFB030045E662 /* LoginTest.swift in Sources */ = {isa = PBXBuildFile; fileRef = EA0A9936237AFB030045E662 /* LoginTest.swift */; };
		EA0A9939237AFB0A0045E662 /* LogoutTest.swift in Sources */ = {isa = PBXBuildFile; fileRef = EA0A9938237AFB0A0045E662 /* LogoutTest.swift */; };
		EA0A993B237AFFE00045E662 /* Clock.swift in Sources */ = {isa = PBXBuildFile; fileRef = EA0A993A237AFFE00045E662 /* Clock.swift */; };
		EA0A993E237B0C1E0045E662 /* LoginPresenter.swift in Sources */ = {isa = PBXBuildFile; fileRef = EA0A993D237B0C1E0045E662 /* LoginPresenter.swift */; };
		EA0A9940237B0C700045E662 /* LoginPresenterTest.swift in Sources */ = {isa = PBXBuildFile; fileRef = EA0A993F237B0C700045E662 /* LoginPresenterTest.swift */; };
/* End PBXBuildFile section */

/* Begin PBXContainerItemProxy section */
		EA0A9904237AB6780045E662 /* PBXContainerItemProxy */ = {
			isa = PBXContainerItemProxy;
			containerPortal = EA0A98E5237AB6760045E662 /* Project object */;
			proxyType = 1;
			remoteGlobalIDString = EA0A98EC237AB6760045E662;
			remoteInfo = KarumiFirstLeason;
		};
		EA0A990F237AB6780045E662 /* PBXContainerItemProxy */ = {
			isa = PBXContainerItemProxy;
			containerPortal = EA0A98E5237AB6760045E662 /* Project object */;
			proxyType = 1;
			remoteGlobalIDString = EA0A98EC237AB6760045E662;
			remoteInfo = KarumiFirstLeason;
		};
/* End PBXContainerItemProxy section */

/* Begin PBXFileReference section */
		EA0A98ED237AB6760045E662 /* KarumiFirstLeason.app */ = {isa = PBXFileReference; explicitFileType = wrapper.application; includeInIndex = 0; path = KarumiFirstLeason.app; sourceTree = BUILT_PRODUCTS_DIR; };
		EA0A98F0237AB6760045E662 /* AppDelegate.swift */ = {isa = PBXFileReference; lastKnownFileType = sourcecode.swift; path = AppDelegate.swift; sourceTree = "<group>"; };
		EA0A98F6237AB6770045E662 /* Assets.xcassets */ = {isa = PBXFileReference; lastKnownFileType = folder.assetcatalog; path = Assets.xcassets; sourceTree = "<group>"; };
		EA0A98F9237AB6770045E662 /* Preview Assets.xcassets */ = {isa = PBXFileReference; lastKnownFileType = folder.assetcatalog; path = "Preview Assets.xcassets"; sourceTree = "<group>"; };
		EA0A98FC237AB6770045E662 /* Base */ = {isa = PBXFileReference; lastKnownFileType = file.storyboard; name = Base; path = Base.lproj/LaunchScreen.storyboard; sourceTree = "<group>"; };
		EA0A98FE237AB6770045E662 /* Info.plist */ = {isa = PBXFileReference; lastKnownFileType = text.plist.xml; path = Info.plist; sourceTree = "<group>"; };
		EA0A9903237AB6780045E662 /* KarumiFirstLeasonTests.xctest */ = {isa = PBXFileReference; explicitFileType = wrapper.cfbundle; includeInIndex = 0; path = KarumiFirstLeasonTests.xctest; sourceTree = BUILT_PRODUCTS_DIR; };
		EA0A9909237AB6780045E662 /* Info.plist */ = {isa = PBXFileReference; lastKnownFileType = text.plist.xml; path = Info.plist; sourceTree = "<group>"; };
		EA0A990E237AB6780045E662 /* KarumiFirstLeasonUITests.xctest */ = {isa = PBXFileReference; explicitFileType = wrapper.cfbundle; includeInIndex = 0; path = KarumiFirstLeasonUITests.xctest; sourceTree = BUILT_PRODUCTS_DIR; };
		EA0A9912237AB6780045E662 /* KarumiFirstLeasonUITests.swift */ = {isa = PBXFileReference; lastKnownFileType = sourcecode.swift; path = KarumiFirstLeasonUITests.swift; sourceTree = "<group>"; };
		EA0A9914237AB6780045E662 /* Info.plist */ = {isa = PBXFileReference; lastKnownFileType = text.plist.xml; path = Info.plist; sourceTree = "<group>"; };
		EA0A9922237AB7F20045E662 /* .travis.yml */ = {isa = PBXFileReference; fileEncoding = 4; lastKnownFileType = text.yaml; name = .travis.yml; path = KarumiFirstLeason/.travis.yml; sourceTree = SOURCE_ROOT; };
		EA0A9924237ACB2C0045E662 /* StringCalculator.swift */ = {isa = PBXFileReference; lastKnownFileType = sourcecode.swift; path = StringCalculator.swift; sourceTree = "<group>"; };
		EA0A9926237ACB700045E662 /* StringCalculatorTest.swift */ = {isa = PBXFileReference; lastKnownFileType = sourcecode.swift; path = StringCalculatorTest.swift; sourceTree = "<group>"; };
		EA0A9928237AED940045E662 /* LoginViewController.swift */ = {isa = PBXFileReference; lastKnownFileType = sourcecode.swift; path = LoginViewController.swift; sourceTree = "<group>"; };
		EA0A9932237AF97A0045E662 /* Login.swift */ = {isa = PBXFileReference; lastKnownFileType = sourcecode.swift; path = Login.swift; sourceTree = "<group>"; };
		EA0A9934237AF9830045E662 /* Logout.swift */ = {isa = PBXFileReference; lastKnownFileType = sourcecode.swift; path = Logout.swift; sourceTree = "<group>"; };
		EA0A9936237AFB030045E662 /* LoginTest.swift */ = {isa = PBXFileReference; lastKnownFileType = sourcecode.swift; path = LoginTest.swift; sourceTree = "<group>"; };
		EA0A9938237AFB0A0045E662 /* LogoutTest.swift */ = {isa = PBXFileReference; lastKnownFileType = sourcecode.swift; path = LogoutTest.swift; sourceTree = "<group>"; };
		EA0A993A237AFFE00045E662 /* Clock.swift */ = {isa = PBXFileReference; lastKnownFileType = sourcecode.swift; path = Clock.swift; sourceTree = "<group>"; };
		EA0A993D237B0C1E0045E662 /* LoginPresenter.swift */ = {isa = PBXFileReference; lastKnownFileType = sourcecode.swift; path = LoginPresenter.swift; sourceTree = "<group>"; };
		EA0A993F237B0C700045E662 /* LoginPresenterTest.swift */ = {isa = PBXFileReference; lastKnownFileType = sourcecode.swift; path = LoginPresenterTest.swift; sourceTree = "<group>"; };
/* End PBXFileReference section */

/* Begin PBXFrameworksBuildPhase section */
		EA0A98EA237AB6760045E662 /* Frameworks */ = {
			isa = PBXFrameworksBuildPhase;
			buildActionMask = 2147483647;
			files = (
			);
			runOnlyForDeploymentPostprocessing = 0;
		};
		EA0A9900237AB6780045E662 /* Frameworks */ = {
			isa = PBXFrameworksBuildPhase;
			buildActionMask = 2147483647;
			files = (
			);
			runOnlyForDeploymentPostprocessing = 0;
		};
		EA0A990B237AB6780045E662 /* Frameworks */ = {
			isa = PBXFrameworksBuildPhase;
			buildActionMask = 2147483647;
			files = (
			);
			runOnlyForDeploymentPostprocessing = 0;
		};
/* End PBXFrameworksBuildPhase section */

/* Begin PBXGroup section */
		EA0A98E4237AB6760045E662 = {
			isa = PBXGroup;
			children = (
				EA0A98EF237AB6760045E662 /* KarumiFirstLeason */,
				EA0A9906237AB6780045E662 /* KarumiFirstLeasonTests */,
				EA0A9911237AB6780045E662 /* KarumiFirstLeasonUITests */,
				EA0A98EE237AB6760045E662 /* Products */,
			);
			sourceTree = "<group>";
		};
		EA0A98EE237AB6760045E662 /* Products */ = {
			isa = PBXGroup;
			children = (
				EA0A98ED237AB6760045E662 /* KarumiFirstLeason.app */,
				EA0A9903237AB6780045E662 /* KarumiFirstLeasonTests.xctest */,
				EA0A990E237AB6780045E662 /* KarumiFirstLeasonUITests.xctest */,
			);
			name = Products;
			sourceTree = "<group>";
		};
		EA0A98EF237AB6760045E662 /* KarumiFirstLeason */ = {
			isa = PBXGroup;
			children = (
				EA0A992E237AF9190045E662 /* App */,
				EA0A992F237AF9490045E662 /* Core */,
				EA0A9930237AF9540045E662 /* Scenes */,
				EA0A992C237AF8EE0045E662 /* Resources */,
				EA0A992D237AF9040045E662 /* SupportingFiles */,
				EA0A98F8237AB6770045E662 /* Preview Content */,
			);
			path = KarumiFirstLeason;
			sourceTree = "<group>";
		};
		EA0A98F8237AB6770045E662 /* Preview Content */ = {
			isa = PBXGroup;
			children = (
				EA0A98F9237AB6770045E662 /* Preview Assets.xcassets */,
			);
			path = "Preview Content";
			sourceTree = "<group>";
		};
		EA0A9906237AB6780045E662 /* KarumiFirstLeasonTests */ = {
			isa = PBXGroup;
			children = (
				EA0A9909237AB6780045E662 /* Info.plist */,
				EA0A9926237ACB700045E662 /* StringCalculatorTest.swift */,
				EA0A9936237AFB030045E662 /* LoginTest.swift */,
				EA0A9938237AFB0A0045E662 /* LogoutTest.swift */,
				EA0A993F237B0C700045E662 /* LoginPresenterTest.swift */,
			);
			path = KarumiFirstLeasonTests;
			sourceTree = "<group>";
		};
		EA0A9911237AB6780045E662 /* KarumiFirstLeasonUITests */ = {
			isa = PBXGroup;
			children = (
				EA0A9912237AB6780045E662 /* KarumiFirstLeasonUITests.swift */,
				EA0A9914237AB6780045E662 /* Info.plist */,
			);
			path = KarumiFirstLeasonUITests;
			sourceTree = "<group>";
		};
		EA0A992A237AF8D50045E662 /* Login */ = {
			isa = PBXGroup;
			children = (
				EA0A993D237B0C1E0045E662 /* LoginPresenter.swift */,
				EA0A9928237AED940045E662 /* LoginViewController.swift */,
			);
			path = Login;
			sourceTree = "<group>";
		};
		EA0A992B237AF8E30045E662 /* StringCalculator */ = {
			isa = PBXGroup;
			children = (
				EA0A9924237ACB2C0045E662 /* StringCalculator.swift */,
			);
			path = StringCalculator;
			sourceTree = "<group>";
		};
		EA0A992C237AF8EE0045E662 /* Resources */ = {
			isa = PBXGroup;
			children = (
				EA0A98F6237AB6770045E662 /* Assets.xcassets */,
			);
			path = Resources;
			sourceTree = "<group>";
		};
		EA0A992D237AF9040045E662 /* SupportingFiles */ = {
			isa = PBXGroup;
			children = (
				EA0A98FB237AB6770045E662 /* LaunchScreen.storyboard */,
				EA0A98FE237AB6770045E662 /* Info.plist */,
				EA0A9922237AB7F20045E662 /* .travis.yml */,
			);
			name = SupportingFiles;
			sourceTree = "<group>";
		};
		EA0A992E237AF9190045E662 /* App */ = {
			isa = PBXGroup;
			children = (
				EA0A98F0237AB6760045E662 /* AppDelegate.swift */,
			);
			path = App;
			sourceTree = "<group>";
		};
		EA0A992F237AF9490045E662 /* Core */ = {
			isa = PBXGroup;
			children = (
				EA0A993C237AFFE40045E662 /* Clock */,
				EA0A9931237AF96E0045E662 /* Login */,
				EA0A992B237AF8E30045E662 /* StringCalculator */,
			);
			path = Core;
			sourceTree = "<group>";
		};
		EA0A9930237AF9540045E662 /* Scenes */ = {
			isa = PBXGroup;
			children = (
				EA0A992A237AF8D50045E662 /* Login */,
			);
			path = Scenes;
			sourceTree = "<group>";
		};
		EA0A9931237AF96E0045E662 /* Login */ = {
			isa = PBXGroup;
			children = (
				EA0A9932237AF97A0045E662 /* Login.swift */,
				EA0A9934237AF9830045E662 /* Logout.swift */,
			);
			path = Login;
			sourceTree = "<group>";
		};
		EA0A993C237AFFE40045E662 /* Clock */ = {
			isa = PBXGroup;
			children = (
				EA0A993A237AFFE00045E662 /* Clock.swift */,
			);
			path = Clock;
			sourceTree = "<group>";
		};
/* End PBXGroup section */

/* Begin PBXNativeTarget section */
		EA0A98EC237AB6760045E662 /* KarumiFirstLeason */ = {
			isa = PBXNativeTarget;
			buildConfigurationList = EA0A9917237AB6780045E662 /* Build configuration list for PBXNativeTarget "KarumiFirstLeason" */;
			buildPhases = (
				EA0A98E9237AB6760045E662 /* Sources */,
				EA0A98EA237AB6760045E662 /* Frameworks */,
				EA0A98EB237AB6760045E662 /* Resources */,
			);
			buildRules = (
			);
			dependencies = (
			);
			name = KarumiFirstLeason;
			productName = KarumiFirstLeason;
			productReference = EA0A98ED237AB6760045E662 /* KarumiFirstLeason.app */;
			productType = "com.apple.product-type.application";
		};
		EA0A9902237AB6780045E662 /* KarumiFirstLeasonTests */ = {
			isa = PBXNativeTarget;
			buildConfigurationList = EA0A991A237AB6780045E662 /* Build configuration list for PBXNativeTarget "KarumiFirstLeasonTests" */;
			buildPhases = (
				EA0A98FF237AB6780045E662 /* Sources */,
				EA0A9900237AB6780045E662 /* Frameworks */,
				EA0A9901237AB6780045E662 /* Resources */,
			);
			buildRules = (
			);
			dependencies = (
				EA0A9905237AB6780045E662 /* PBXTargetDependency */,
			);
			name = KarumiFirstLeasonTests;
			productName = KarumiFirstLeasonTests;
			productReference = EA0A9903237AB6780045E662 /* KarumiFirstLeasonTests.xctest */;
			productType = "com.apple.product-type.bundle.unit-test";
		};
		EA0A990D237AB6780045E662 /* KarumiFirstLeasonUITests */ = {
			isa = PBXNativeTarget;
			buildConfigurationList = EA0A991D237AB6780045E662 /* Build configuration list for PBXNativeTarget "KarumiFirstLeasonUITests" */;
			buildPhases = (
				EA0A990A237AB6780045E662 /* Sources */,
				EA0A990B237AB6780045E662 /* Frameworks */,
				EA0A990C237AB6780045E662 /* Resources */,
			);
			buildRules = (
			);
			dependencies = (
				EA0A9910237AB6780045E662 /* PBXTargetDependency */,
			);
			name = KarumiFirstLeasonUITests;
			productName = KarumiFirstLeasonUITests;
			productReference = EA0A990E237AB6780045E662 /* KarumiFirstLeasonUITests.xctest */;
			productType = "com.apple.product-type.bundle.ui-testing";
		};
/* End PBXNativeTarget section */

/* Begin PBXProject section */
		EA0A98E5237AB6760045E662 /* Project object */ = {
			isa = PBXProject;
			attributes = {
				LastSwiftUpdateCheck = 1120;
				LastUpgradeCheck = 1120;
				ORGANIZATIONNAME = "Jacobo Rodriguez";
				TargetAttributes = {
					EA0A98EC237AB6760045E662 = {
						CreatedOnToolsVersion = 11.2;
					};
					EA0A9902237AB6780045E662 = {
						CreatedOnToolsVersion = 11.2;
						TestTargetID = EA0A98EC237AB6760045E662;
					};
					EA0A990D237AB6780045E662 = {
						CreatedOnToolsVersion = 11.2;
						TestTargetID = EA0A98EC237AB6760045E662;
					};
				};
			};
			buildConfigurationList = EA0A98E8237AB6760045E662 /* Build configuration list for PBXProject "KarumiFirstLeason" */;
			compatibilityVersion = "Xcode 9.3";
			developmentRegion = en;
			hasScannedForEncodings = 0;
			knownRegions = (
				en,
				Base,
			);
			mainGroup = EA0A98E4237AB6760045E662;
			productRefGroup = EA0A98EE237AB6760045E662 /* Products */;
			projectDirPath = "";
			projectRoot = "";
			targets = (
				EA0A98EC237AB6760045E662 /* KarumiFirstLeason */,
				EA0A9902237AB6780045E662 /* KarumiFirstLeasonTests */,
				EA0A990D237AB6780045E662 /* KarumiFirstLeasonUITests */,
			);
		};
/* End PBXProject section */

/* Begin PBXResourcesBuildPhase section */
		EA0A98EB237AB6760045E662 /* Resources */ = {
			isa = PBXResourcesBuildPhase;
			buildActionMask = 2147483647;
			files = (
				EA0A9923237AB7F20045E662 /* .travis.yml in Resources */,
				EA0A98FD237AB6770045E662 /* LaunchScreen.storyboard in Resources */,
				EA0A98FA237AB6770045E662 /* Preview Assets.xcassets in Resources */,
				EA0A98F7237AB6770045E662 /* Assets.xcassets in Resources */,
			);
			runOnlyForDeploymentPostprocessing = 0;
		};
		EA0A9901237AB6780045E662 /* Resources */ = {
			isa = PBXResourcesBuildPhase;
			buildActionMask = 2147483647;
			files = (
			);
			runOnlyForDeploymentPostprocessing = 0;
		};
		EA0A990C237AB6780045E662 /* Resources */ = {
			isa = PBXResourcesBuildPhase;
			buildActionMask = 2147483647;
			files = (
			);
			runOnlyForDeploymentPostprocessing = 0;
		};
/* End PBXResourcesBuildPhase section */

/* Begin PBXSourcesBuildPhase section */
		EA0A98E9237AB6760045E662 /* Sources */ = {
			isa = PBXSourcesBuildPhase;
			buildActionMask = 2147483647;
			files = (
				EA0A993B237AFFE00045E662 /* Clock.swift in Sources */,
				EA0A98F1237AB6760045E662 /* AppDelegate.swift in Sources */,
				EA0A993E237B0C1E0045E662 /* LoginPresenter.swift in Sources */,
				EA0A9925237ACB2C0045E662 /* StringCalculator.swift in Sources */,
				EA0A9929237AED940045E662 /* LoginViewController.swift in Sources */,
				EA0A9935237AF9830045E662 /* Logout.swift in Sources */,
				EA0A9933237AF97A0045E662 /* Login.swift in Sources */,
			);
			runOnlyForDeploymentPostprocessing = 0;
		};
		EA0A98FF237AB6780045E662 /* Sources */ = {
			isa = PBXSourcesBuildPhase;
			buildActionMask = 2147483647;
			files = (
				EA0A9940237B0C700045E662 /* LoginPresenterTest.swift in Sources */,
				EA0A9937237AFB030045E662 /* LoginTest.swift in Sources */,
				EA0A9939237AFB0A0045E662 /* LogoutTest.swift in Sources */,
				EA0A9927237ACB700045E662 /* StringCalculatorTest.swift in Sources */,
			);
			runOnlyForDeploymentPostprocessing = 0;
		};
		EA0A990A237AB6780045E662 /* Sources */ = {
			isa = PBXSourcesBuildPhase;
			buildActionMask = 2147483647;
			files = (
				EA0A9913237AB6780045E662 /* KarumiFirstLeasonUITests.swift in Sources */,
			);
			runOnlyForDeploymentPostprocessing = 0;
		};
/* End PBXSourcesBuildPhase section */

/* Begin PBXTargetDependency section */
		EA0A9905237AB6780045E662 /* PBXTargetDependency */ = {
			isa = PBXTargetDependency;
			target = EA0A98EC237AB6760045E662 /* KarumiFirstLeason */;
			targetProxy = EA0A9904237AB6780045E662 /* PBXContainerItemProxy */;
		};
		EA0A9910237AB6780045E662 /* PBXTargetDependency */ = {
			isa = PBXTargetDependency;
			target = EA0A98EC237AB6760045E662 /* KarumiFirstLeason */;
			targetProxy = EA0A990F237AB6780045E662 /* PBXContainerItemProxy */;
		};
/* End PBXTargetDependency section */

/* Begin PBXVariantGroup section */
		EA0A98FB237AB6770045E662 /* LaunchScreen.storyboard */ = {
			isa = PBXVariantGroup;
			children = (
				EA0A98FC237AB6770045E662 /* Base */,
			);
			name = LaunchScreen.storyboard;
			sourceTree = "<group>";
		};
/* End PBXVariantGroup section */

/* Begin XCBuildConfiguration section */
		EA0A9915237AB6780045E662 /* Debug */ = {
			isa = XCBuildConfiguration;
			buildSettings = {
				ALWAYS_SEARCH_USER_PATHS = NO;
				CLANG_ANALYZER_NONNULL = YES;
				CLANG_ANALYZER_NUMBER_OBJECT_CONVERSION = YES_AGGRESSIVE;
				CLANG_CXX_LANGUAGE_STANDARD = "gnu++14";
				CLANG_CXX_LIBRARY = "libc++";
				CLANG_ENABLE_MODULES = YES;
				CLANG_ENABLE_OBJC_ARC = YES;
				CLANG_ENABLE_OBJC_WEAK = YES;
				CLANG_WARN_BLOCK_CAPTURE_AUTORELEASING = YES;
				CLANG_WARN_BOOL_CONVERSION = YES;
				CLANG_WARN_COMMA = YES;
				CLANG_WARN_CONSTANT_CONVERSION = YES;
				CLANG_WARN_DEPRECATED_OBJC_IMPLEMENTATIONS = YES;
				CLANG_WARN_DIRECT_OBJC_ISA_USAGE = YES_ERROR;
				CLANG_WARN_DOCUMENTATION_COMMENTS = YES;
				CLANG_WARN_EMPTY_BODY = YES;
				CLANG_WARN_ENUM_CONVERSION = YES;
				CLANG_WARN_INFINITE_RECURSION = YES;
				CLANG_WARN_INT_CONVERSION = YES;
				CLANG_WARN_NON_LITERAL_NULL_CONVERSION = YES;
				CLANG_WARN_OBJC_IMPLICIT_RETAIN_SELF = YES;
				CLANG_WARN_OBJC_LITERAL_CONVERSION = YES;
				CLANG_WARN_OBJC_ROOT_CLASS = YES_ERROR;
				CLANG_WARN_RANGE_LOOP_ANALYSIS = YES;
				CLANG_WARN_STRICT_PROTOTYPES = YES;
				CLANG_WARN_SUSPICIOUS_MOVE = YES;
				CLANG_WARN_UNGUARDED_AVAILABILITY = YES_AGGRESSIVE;
				CLANG_WARN_UNREACHABLE_CODE = YES;
				CLANG_WARN__DUPLICATE_METHOD_MATCH = YES;
				COPY_PHASE_STRIP = NO;
				DEBUG_INFORMATION_FORMAT = dwarf;
				ENABLE_STRICT_OBJC_MSGSEND = YES;
				ENABLE_TESTABILITY = YES;
				GCC_C_LANGUAGE_STANDARD = gnu11;
				GCC_DYNAMIC_NO_PIC = NO;
				GCC_NO_COMMON_BLOCKS = YES;
				GCC_OPTIMIZATION_LEVEL = 0;
				GCC_PREPROCESSOR_DEFINITIONS = (
					"DEBUG=1",
					"$(inherited)",
				);
				GCC_WARN_64_TO_32_BIT_CONVERSION = YES;
				GCC_WARN_ABOUT_RETURN_TYPE = YES_ERROR;
				GCC_WARN_UNDECLARED_SELECTOR = YES;
				GCC_WARN_UNINITIALIZED_AUTOS = YES_AGGRESSIVE;
				GCC_WARN_UNUSED_FUNCTION = YES;
				GCC_WARN_UNUSED_VARIABLE = YES;
				IPHONEOS_DEPLOYMENT_TARGET = 13.2;
				MTL_ENABLE_DEBUG_INFO = INCLUDE_SOURCE;
				MTL_FAST_MATH = YES;
				ONLY_ACTIVE_ARCH = YES;
				SDKROOT = iphoneos;
				SWIFT_ACTIVE_COMPILATION_CONDITIONS = DEBUG;
				SWIFT_OPTIMIZATION_LEVEL = "-Onone";
			};
			name = Debug;
		};
		EA0A9916237AB6780045E662 /* Release */ = {
			isa = XCBuildConfiguration;
			buildSettings = {
				ALWAYS_SEARCH_USER_PATHS = NO;
				CLANG_ANALYZER_NONNULL = YES;
				CLANG_ANALYZER_NUMBER_OBJECT_CONVERSION = YES_AGGRESSIVE;
				CLANG_CXX_LANGUAGE_STANDARD = "gnu++14";
				CLANG_CXX_LIBRARY = "libc++";
				CLANG_ENABLE_MODULES = YES;
				CLANG_ENABLE_OBJC_ARC = YES;
				CLANG_ENABLE_OBJC_WEAK = YES;
				CLANG_WARN_BLOCK_CAPTURE_AUTORELEASING = YES;
				CLANG_WARN_BOOL_CONVERSION = YES;
				CLANG_WARN_COMMA = YES;
				CLANG_WARN_CONSTANT_CONVERSION = YES;
				CLANG_WARN_DEPRECATED_OBJC_IMPLEMENTATIONS = YES;
				CLANG_WARN_DIRECT_OBJC_ISA_USAGE = YES_ERROR;
				CLANG_WARN_DOCUMENTATION_COMMENTS = YES;
				CLANG_WARN_EMPTY_BODY = YES;
				CLANG_WARN_ENUM_CONVERSION = YES;
				CLANG_WARN_INFINITE_RECURSION = YES;
				CLANG_WARN_INT_CONVERSION = YES;
				CLANG_WARN_NON_LITERAL_NULL_CONVERSION = YES;
				CLANG_WARN_OBJC_IMPLICIT_RETAIN_SELF = YES;
				CLANG_WARN_OBJC_LITERAL_CONVERSION = YES;
				CLANG_WARN_OBJC_ROOT_CLASS = YES_ERROR;
				CLANG_WARN_RANGE_LOOP_ANALYSIS = YES;
				CLANG_WARN_STRICT_PROTOTYPES = YES;
				CLANG_WARN_SUSPICIOUS_MOVE = YES;
				CLANG_WARN_UNGUARDED_AVAILABILITY = YES_AGGRESSIVE;
				CLANG_WARN_UNREACHABLE_CODE = YES;
				CLANG_WARN__DUPLICATE_METHOD_MATCH = YES;
				COPY_PHASE_STRIP = NO;
				DEBUG_INFORMATION_FORMAT = "dwarf-with-dsym";
				ENABLE_NS_ASSERTIONS = NO;
				ENABLE_STRICT_OBJC_MSGSEND = YES;
				GCC_C_LANGUAGE_STANDARD = gnu11;
				GCC_NO_COMMON_BLOCKS = YES;
				GCC_WARN_64_TO_32_BIT_CONVERSION = YES;
				GCC_WARN_ABOUT_RETURN_TYPE = YES_ERROR;
				GCC_WARN_UNDECLARED_SELECTOR = YES;
				GCC_WARN_UNINITIALIZED_AUTOS = YES_AGGRESSIVE;
				GCC_WARN_UNUSED_FUNCTION = YES;
				GCC_WARN_UNUSED_VARIABLE = YES;
				IPHONEOS_DEPLOYMENT_TARGET = 13.2;
				MTL_ENABLE_DEBUG_INFO = NO;
				MTL_FAST_MATH = YES;
				SDKROOT = iphoneos;
				SWIFT_COMPILATION_MODE = wholemodule;
				SWIFT_OPTIMIZATION_LEVEL = "-O";
				VALIDATE_PRODUCT = YES;
			};
			name = Release;
		};
		EA0A9918237AB6780045E662 /* Debug */ = {
			isa = XCBuildConfiguration;
			buildSettings = {
				ASSETCATALOG_COMPILER_APPICON_NAME = AppIcon;
				CODE_SIGN_IDENTITY = "Apple Development";
				CODE_SIGN_STYLE = Automatic;
				DEVELOPMENT_ASSET_PATHS = "\"KarumiFirstLeason/Preview Content\"";
				DEVELOPMENT_TEAM = XPD229X4WG;
				ENABLE_PREVIEWS = YES;
				INFOPLIST_FILE = KarumiFirstLeason/Info.plist;
				LD_RUNPATH_SEARCH_PATHS = (
					"$(inherited)",
					"@executable_path/Frameworks",
				);
				PRODUCT_BUNDLE_IDENTIFIER = com.tbearsoftware.KarumiFirstLeason;
				PRODUCT_NAME = "$(TARGET_NAME)";
				PROVISIONING_PROFILE_SPECIFIER = "";
				SWIFT_VERSION = 5.0;
				TARGETED_DEVICE_FAMILY = "1,2";
			};
			name = Debug;
		};
		EA0A9919237AB6780045E662 /* Release */ = {
			isa = XCBuildConfiguration;
			buildSettings = {
				ASSETCATALOG_COMPILER_APPICON_NAME = AppIcon;
				CODE_SIGN_IDENTITY = "Apple Development";
				CODE_SIGN_STYLE = Automatic;
				DEVELOPMENT_ASSET_PATHS = "\"KarumiFirstLeason/Preview Content\"";
				DEVELOPMENT_TEAM = XPD229X4WG;
				ENABLE_PREVIEWS = YES;
				INFOPLIST_FILE = KarumiFirstLeason/Info.plist;
				LD_RUNPATH_SEARCH_PATHS = (
					"$(inherited)",
					"@executable_path/Frameworks",
				);
				PRODUCT_BUNDLE_IDENTIFIER = com.tbearsoftware.KarumiFirstLeason;
				PRODUCT_NAME = "$(TARGET_NAME)";
				PROVISIONING_PROFILE_SPECIFIER = "";
				SWIFT_VERSION = 5.0;
				TARGETED_DEVICE_FAMILY = "1,2";
			};
			name = Release;
		};
		EA0A991B237AB6780045E662 /* Debug */ = {
			isa = XCBuildConfiguration;
			buildSettings = {
				ALWAYS_EMBED_SWIFT_STANDARD_LIBRARIES = YES;
				BUNDLE_LOADER = "$(TEST_HOST)";
				CODE_SIGN_STYLE = Automatic;
				DEVELOPMENT_TEAM = XPD229X4WG;
				INFOPLIST_FILE = KarumiFirstLeasonTests/Info.plist;
				IPHONEOS_DEPLOYMENT_TARGET = 13.2;
				LD_RUNPATH_SEARCH_PATHS = (
					"$(inherited)",
					"@executable_path/Frameworks",
					"@loader_path/Frameworks",
				);
				PRODUCT_BUNDLE_IDENTIFIER = com.tbearsoftware.KarumiFirstLeasonTests;
				PRODUCT_NAME = "$(TARGET_NAME)";
				SWIFT_VERSION = 5.0;
				TARGETED_DEVICE_FAMILY = "1,2";
				TEST_HOST = "$(BUILT_PRODUCTS_DIR)/KarumiFirstLeason.app/KarumiFirstLeason";
			};
			name = Debug;
		};
		EA0A991C237AB6780045E662 /* Release */ = {
			isa = XCBuildConfiguration;
			buildSettings = {
				ALWAYS_EMBED_SWIFT_STANDARD_LIBRARIES = YES;
				BUNDLE_LOADER = "$(TEST_HOST)";
				CODE_SIGN_STYLE = Automatic;
				DEVELOPMENT_TEAM = XPD229X4WG;
				INFOPLIST_FILE = KarumiFirstLeasonTests/Info.plist;
				IPHONEOS_DEPLOYMENT_TARGET = 13.2;
				LD_RUNPATH_SEARCH_PATHS = (
					"$(inherited)",
					"@executable_path/Frameworks",
					"@loader_path/Frameworks",
				);
				PRODUCT_BUNDLE_IDENTIFIER = com.tbearsoftware.KarumiFirstLeasonTests;
				PRODUCT_NAME = "$(TARGET_NAME)";
				SWIFT_VERSION = 5.0;
				TARGETED_DEVICE_FAMILY = "1,2";
				TEST_HOST = "$(BUILT_PRODUCTS_DIR)/KarumiFirstLeason.app/KarumiFirstLeason";
			};
			name = Release;
		};
		EA0A991E237AB6780045E662 /* Debug */ = {
			isa = XCBuildConfiguration;
			buildSettings = {
				ALWAYS_EMBED_SWIFT_STANDARD_LIBRARIES = YES;
				CODE_SIGN_STYLE = Automatic;
				DEVELOPMENT_TEAM = XPD229X4WG;
				INFOPLIST_FILE = KarumiFirstLeasonUITests/Info.plist;
				LD_RUNPATH_SEARCH_PATHS = (
					"$(inherited)",
					"@executable_path/Frameworks",
					"@loader_path/Frameworks",
				);
				PRODUCT_BUNDLE_IDENTIFIER = com.tbearsoftware.KarumiFirstLeasonUITests;
				PRODUCT_NAME = "$(TARGET_NAME)";
				SWIFT_VERSION = 5.0;
				TARGETED_DEVICE_FAMILY = "1,2";
				TEST_TARGET_NAME = KarumiFirstLeason;
			};
			name = Debug;
		};
		EA0A991F237AB6780045E662 /* Release */ = {
			isa = XCBuildConfiguration;
			buildSettings = {
				ALWAYS_EMBED_SWIFT_STANDARD_LIBRARIES = YES;
				CODE_SIGN_STYLE = Automatic;
				DEVELOPMENT_TEAM = XPD229X4WG;
				INFOPLIST_FILE = KarumiFirstLeasonUITests/Info.plist;
				LD_RUNPATH_SEARCH_PATHS = (
					"$(inherited)",
					"@executable_path/Frameworks",
					"@loader_path/Frameworks",
				);
				PRODUCT_BUNDLE_IDENTIFIER = com.tbearsoftware.KarumiFirstLeasonUITests;
				PRODUCT_NAME = "$(TARGET_NAME)";
				SWIFT_VERSION = 5.0;
				TARGETED_DEVICE_FAMILY = "1,2";
				TEST_TARGET_NAME = KarumiFirstLeason;
			};
			name = Release;
		};
/* End XCBuildConfiguration section */

/* Begin XCConfigurationList section */
		EA0A98E8237AB6760045E662 /* Build configuration list for PBXProject "KarumiFirstLeason" */ = {
			isa = XCConfigurationList;
			buildConfigurations = (
				EA0A9915237AB6780045E662 /* Debug */,
				EA0A9916237AB6780045E662 /* Release */,
			);
			defaultConfigurationIsVisible = 0;
			defaultConfigurationName = Release;
		};
		EA0A9917237AB6780045E662 /* Build configuration list for PBXNativeTarget "KarumiFirstLeason" */ = {
			isa = XCConfigurationList;
			buildConfigurations = (
				EA0A9918237AB6780045E662 /* Debug */,
				EA0A9919237AB6780045E662 /* Release */,
			);
			defaultConfigurationIsVisible = 0;
			defaultConfigurationName = Release;
		};
		EA0A991A237AB6780045E662 /* Build configuration list for PBXNativeTarget "KarumiFirstLeasonTests" */ = {
			isa = XCConfigurationList;
			buildConfigurations = (
				EA0A991B237AB6780045E662 /* Debug */,
				EA0A991C237AB6780045E662 /* Release */,
			);
			defaultConfigurationIsVisible = 0;
			defaultConfigurationName = Release;
		};
		EA0A991D237AB6780045E662 /* Build configuration list for PBXNativeTarget "KarumiFirstLeasonUITests" */ = {
			isa = XCConfigurationList;
			buildConfigurations = (
				EA0A991E237AB6780045E662 /* Debug */,
				EA0A991F237AB6780045E662 /* Release */,
			);
			defaultConfigurationIsVisible = 0;
			defaultConfigurationName = Release;
		};
/* End XCConfigurationList section */
	};
	rootObject = EA0A98E5237AB6760045E662 /* Project object */;
}
